<?xml version="1.0" encoding="utf-8"?>
<Project ToolsVersion="4.0" xmlns="http://schemas.microsoft.com/developer/msbuild/2003">
  <ItemGroup>
    <Filter Include="code">
      <UniqueIdentifier>{7d00d3f0-0ea8-48c1-827a-915250611511}</UniqueIdentifier>
    </Filter>
    <Filter Include="code\core">
      <UniqueIdentifier>{ad1ba699-9860-44a0-91a5-a68bed938fe3}</UniqueIdentifier>
    </Filter>
    <Filter Include="code\hardware">
      <UniqueIdentifier>{6a17f2fd-5ed9-495c-aca1-d7009920f99d}</UniqueIdentifier>
    </Filter>
    <Filter Include="code\rtl">
      <UniqueIdentifier>{cbea52c5-6f6b-40a0-a2c4-07b9b638b62a}</UniqueIdentifier>
    </Filter>
  </ItemGroup>
  <ItemGroup>
    <ClCompile Include="..\code\main.cpp">
      <Filter>code</Filter>
    </ClCompile>
    <ClCompile Include="..\code\hardware\clock.cpp">
      <Filter>code\hardware</Filter>
    </ClCompile>
    <ClCompile Include="..\code\hardware\hardware.cpp">
      <Filter>code\hardware</Filter>
    </ClCompile>
  </ItemGroup>
  <ItemGroup>
    <ClInclude Include="..\code\hardware\clock.h">
      <Filter>code\hardware</Filter>
    </ClInclude>
    <ClInclude Include="..\code\hardware\hardware.h">
      <Filter>code\hardware</Filter>
    </ClInclude>
    <ClInclude Include="..\code\core\types.h">
      <Filter>code\core</Filter>
    </ClInclude>
  </ItemGroup>
</Project>